
Microsoft Visual Studio Solution File, Format Version 12.00
# Visual Studio Version 16
VisualStudioVersion = 16.0.29411.138
MinimumVisualStudioVersion = 10.0.40219.1
Project("{9A19103F-16F7-4668-BE54-9A1E7A4F7556}") = "AnalyzerDev", "AnalyzerDev\AnalyzerDev.csproj", "{91A119E0-E2EF-4B44-862E-1ACEFF97902A}"
EndProject
Project("{9A19103F-16F7-4668-BE54-9A1E7A4F7556}") = "AnalyzerDev.Test", "AnalyzerDev.Test\AnalyzerDev.Test.csproj", "{9FD21317-9726-4EC9-B244-8EF621560A89}"
EndProject
Project("{FAE04EC0-301F-11D3-BF4B-00C04F79EFBC}") = "AnalyzerDev.Vsix", "AnalyzerDev.Vsix\AnalyzerDev.Vsix.csproj", "{EE759E9B-B535-439F-9D7B-718547F9A48C}"
EndProject
Project("{FAE04EC0-301F-11D3-BF4B-00C04F79EFBC}") = "TestCSharp", "TestCSharp\TestCSharp.csproj", "{77C87806-208C-4874-8B41-6F69E640738E}"
EndProject
Project("{778DAE3C-4631-46EA-AA77-85C1314464D9}") = "TestVisualBasic", "TestVisualBasic\TestVisualBasic.vbproj", "{0B2168EE-162B-4F3C-8851-CCF668F43187}"
EndProject
Global
	GlobalSection(SolutionConfigurationPlatforms) = preSolution
		Debug|Any CPU = Debug|Any CPU
		Release|Any CPU = Release|Any CPU
	EndGlobalSection
	GlobalSection(ProjectConfigurationPlatforms) = postSolution
		{91A119E0-E2EF-4B44-862E-1ACEFF97902A}.Debug|Any CPU.ActiveCfg = Debug|Any CPU
		{91A119E0-E2EF-4B44-862E-1ACEFF97902A}.Debug|Any CPU.Build.0 = Debug|Any CPU
		{91A119E0-E2EF-4B44-862E-1ACEFF97902A}.Release|Any CPU.ActiveCfg = Release|Any CPU
		{91A119E0-E2EF-4B44-862E-1ACEFF97902A}.Release|Any CPU.Build.0 = Release|Any CPU
		{9FD21317-9726-4EC9-B244-8EF621560A89}.Debug|Any CPU.ActiveCfg = Debug|Any CPU
		{9FD21317-9726-4EC9-B244-8EF621560A89}.Debug|Any CPU.Build.0 = Debug|Any CPU
		{9FD21317-9726-4EC9-B244-8EF621560A89}.Release|Any CPU.ActiveCfg = Release|Any CPU
		{9FD21317-9726-4EC9-B244-8EF621560A89}.Release|Any CPU.Build.0 = Release|Any CPU
		{EE759E9B-B535-439F-9D7B-718547F9A48C}.Debug|Any CPU.ActiveCfg = Debug|Any CPU
		{EE759E9B-B535-439F-9D7B-718547F9A48C}.Debug|Any CPU.Build.0 = Debug|Any CPU
		{EE759E9B-B535-439F-9D7B-718547F9A48C}.Release|Any CPU.ActiveCfg = Release|Any CPU
		{EE759E9B-B535-439F-9D7B-718547F9A48C}.Release|Any CPU.Build.0 = Release|Any CPU
		{77C87806-208C-4874-8B41-6F69E640738E}.Debug|Any CPU.ActiveCfg = Debug|Any CPU
		{77C87806-208C-4874-8B41-6F69E640738E}.Debug|Any CPU.Build.0 = Debug|Any CPU
		{77C87806-208C-4874-8B41-6F69E640738E}.Release|Any CPU.ActiveCfg = Release|Any CPU
		{77C87806-208C-4874-8B41-6F69E640738E}.Release|Any CPU.Build.0 = Release|Any CPU
		{0B2168EE-162B-4F3C-8851-CCF668F43187}.Debug|Any CPU.ActiveCfg = Debug|Any CPU
		{0B2168EE-162B-4F3C-8851-CCF668F43187}.Debug|Any CPU.Build.0 = Debug|Any CPU
		{0B2168EE-162B-4F3C-8851-CCF668F43187}.Release|Any CPU.ActiveCfg = Release|Any CPU
		{0B2168EE-162B-4F3C-8851-CCF668F43187}.Release|Any CPU.Build.0 = Release|Any CPU
	EndGlobalSection
	GlobalSection(SolutionProperties) = preSolution
		HideSolutionNode = FALSE
	EndGlobalSection
	GlobalSection(ExtensibilityGlobals) = postSolution
		SolutionGuid = {F884F59E-716A-48F9-BA33-95F94DD539D7}
	EndGlobalSection
EndGlobal
